# THIS IS AN AUTOGENERATED FILE. DO NOT EDIT THIS FILE DIRECTLY.
# yarn lockfile v1


"@types/lodash@^4.14.132":
  version "4.14.137"
  resolved "https://registry.yarnpkg.com/@types/lodash/-/lodash-4.14.137.tgz#8a4804937dc6462274ffcc088df8f14fc1b368e2"
  integrity sha512-g4rNK5SRKloO+sUGbuO7aPtwbwzMgjK+bm9BBhLD7jGUiGR7zhwYEhSln/ihgYQBeIJ5j7xjyaYzrWTcu3UotQ==

"@types/node@^12.0.2":
  version "12.7.2"
  resolved "https://registry.yarnpkg.com/@types/node/-/node-12.7.2.tgz#c4e63af5e8823ce9cc3f0b34f7b998c2171f0c44"
  integrity sha512-dyYO+f6ihZEtNPDcWNR1fkoTDf3zAK3lAABDze3mz6POyIercH0lEUawUFXlG8xaQZmm1yEBON/4TsYv/laDYg==

fast-csv@^3.4.0:
  version "3.4.0"
  resolved "https://registry.yarnpkg.com/fast-csv/-/fast-csv-3.4.0.tgz#a284a907df57f06d44ac99fe23523345c2252528"
  integrity sha512-/vPTDJc/l6VLOLIqcrMjuhyi8ZVTipTNl2GkVvaYiHlyh16oQMYPUkUVfREurT3MYE9j3mLQDk2Q8kPq30qQCg==
  dependencies:
    "@types/lodash" "^4.14.132"
    "@types/node" "^12.0.2"
    lodash "^4.17.13"

lodash@^4.17.13:
  version "4.17.15"
  resolved "https://registry.yarnpkg.com/lodash/-/lodash-4.17.15.tgz#b447f6670a0455bbfeedd11392eff330ea097548"
  integrity sha512-8xOcRHvCjnocdS5cpwXQXVzmmh5e5+saE2QGoeQmbKmRS6J3VQppPOIt0MnmE+4xlZoumy0GPG0D0MVIQbNA1A==
